
Microsoft Visual Studio Solution File, Format Version 12.00
# Visual Studio Version 17
VisualStudioVersion = 17.14.35906.104 d17.14
MinimumVisualStudioVersion = 10.0.40219.1
Project("{FAE04EC0-301F-11D3-BF4B-00C04F79EFBC}") = "PaginaMedicionesBiometriaIndividual", "PaginaMedicionesBiometriaIndividual\PaginaMedicionesBiometriaIndividual.csproj", "{115F2D08-4363-4E2B-BC20-02743EC7D4FD}"
EndProject
Global
	GlobalSection(SolutionConfigurationPlatforms) = preSolution
		Debug|Any CPU = Debug|Any CPU
		Release|Any CPU = Release|Any CPU
	EndGlobalSection
	GlobalSection(ProjectConfigurationPlatforms) = postSolution
		{115F2D08-4363-4E2B-BC20-02743EC7D4FD}.Debug|Any CPU.ActiveCfg = Debug|Any CPU
		{115F2D08-4363-4E2B-BC20-02743EC7D4FD}.Debug|Any CPU.Build.0 = Debug|Any CPU
		{115F2D08-4363-4E2B-BC20-02743EC7D4FD}.Release|Any CPU.ActiveCfg = Release|Any CPU
		{115F2D08-4363-4E2B-BC20-02743EC7D4FD}.Release|Any CPU.Build.0 = Release|Any CPU
	EndGlobalSection
	GlobalSection(SolutionProperties) = preSolution
		HideSolutionNode = FALSE
	EndGlobalSection
	GlobalSection(ExtensibilityGlobals) = postSolution
		SolutionGuid = {146F3F17-382D-4A26-9AB9-EE2ABE952FE8}
	EndGlobalSection
EndGlobal
